
Microsoft Visual Studio Solution File, Format Version 12.00
# Visual Studio Version 17
VisualStudioVersion = 17.6.33801.468
MinimumVisualStudioVersion = 10.0.40219.1
Project("{9A19103F-16F7-4668-BE54-9A1E7A4F7556}") = "ejercicios extrados", "ejercicios extrados\ejercicios extrados.csproj", "{CF3B96D9-EF54-45B7-9F22-179328848EE7}"
EndProject
Project("{FAE04EC0-301F-11D3-BF4B-00C04F79EFBC}") = "Problema8Piezas", "Problema8Piezas\Problema8Piezas.csproj", "{A636F28E-6062-4F0A-B659-EDCAA5DACCF9}"
EndProject
Project("{FAE04EC0-301F-11D3-BF4B-00C04F79EFBC}") = "Resolver8Piezas", "Resolver8Piezas\Resolver8Piezas.csproj", "{588A2D82-BAF5-4A8A-979A-0C7E05D90984}"
EndProject
Global
	GlobalSection(SolutionConfigurationPlatforms) = preSolution
		Debug|Any CPU = Debug|Any CPU
		Release|Any CPU = Release|Any CPU
	EndGlobalSection
	GlobalSection(ProjectConfigurationPlatforms) = postSolution
		{CF3B96D9-EF54-45B7-9F22-179328848EE7}.Debug|Any CPU.ActiveCfg = Debug|Any CPU
		{CF3B96D9-EF54-45B7-9F22-179328848EE7}.Debug|Any CPU.Build.0 = Debug|Any CPU
		{CF3B96D9-EF54-45B7-9F22-179328848EE7}.Release|Any CPU.ActiveCfg = Release|Any CPU
		{CF3B96D9-EF54-45B7-9F22-179328848EE7}.Release|Any CPU.Build.0 = Release|Any CPU
		{A636F28E-6062-4F0A-B659-EDCAA5DACCF9}.Debug|Any CPU.ActiveCfg = Debug|Any CPU
		{A636F28E-6062-4F0A-B659-EDCAA5DACCF9}.Debug|Any CPU.Build.0 = Debug|Any CPU
		{A636F28E-6062-4F0A-B659-EDCAA5DACCF9}.Release|Any CPU.ActiveCfg = Release|Any CPU
		{A636F28E-6062-4F0A-B659-EDCAA5DACCF9}.Release|Any CPU.Build.0 = Release|Any CPU
		{588A2D82-BAF5-4A8A-979A-0C7E05D90984}.Debug|Any CPU.ActiveCfg = Debug|Any CPU
		{588A2D82-BAF5-4A8A-979A-0C7E05D90984}.Debug|Any CPU.Build.0 = Debug|Any CPU
		{588A2D82-BAF5-4A8A-979A-0C7E05D90984}.Release|Any CPU.ActiveCfg = Release|Any CPU
		{588A2D82-BAF5-4A8A-979A-0C7E05D90984}.Release|Any CPU.Build.0 = Release|Any CPU
	EndGlobalSection
	GlobalSection(SolutionProperties) = preSolution
		HideSolutionNode = FALSE
	EndGlobalSection
	GlobalSection(ExtensibilityGlobals) = postSolution
		SolutionGuid = {681640B7-8FE3-41DB-B7B0-205BB54A2858}
	EndGlobalSection
EndGlobal
